{
    "_meta": {
        "hash": {
            "sha256": "bf2ebb1f31508383de0ec6cf0f9686bfcd145810fac55eec1083dcd70fb91b5c"
        },
        "host-environment-markers": {
            "implementation_name": "cpython",
            "implementation_version": "3.6.2",
            "os_name": "posix",
            "platform_machine": "x86_64",
            "platform_python_implementation": "CPython",
            "platform_release": "4.4.0-43-Microsoft",
            "platform_system": "Linux",
            "platform_version": "#1-Microsoft Wed Dec 31 14:42:53 PST 2014",
            "python_full_version": "3.6.2",
            "python_version": "3.6",
            "sys_platform": "linux"
        },
        "pipfile-spec": 6,
        "requires": {
            "python_version": "3.6"
        },
        "sources": [
            {
                "name": "pypi",
                "url": "https://pypi.python.org/simple",
                "verify_ssl": true
            }
        ]
    },
    "default": {
        "certifi": {
            "hashes": [
                "sha256:244be0d93b71e93fc0a0a479862051414d0e00e16435707e5bf5000f92e04694",
                "sha256:5ec74291ca1136b40f0379e1128ff80e866597e4e2c1e755739a913bbc3613c0"
            ],
            "version": "==2017.11.5"
        },
        "chardet": {
            "hashes": [
                "sha256:fc323ffcaeaed0e0a02bf4d117757b98aed530d9ed4531e3e15460124c106691",
                "sha256:84ab92ed1c4d4f16916e05906b6b75a6c0fb5db821cc65e70cbd64a3e2a5eaae"
            ],
            "version": "==3.0.4"
        },
        "click": {
            "hashes": [
                "sha256:29f99fc6125fbc931b758dc053b3114e55c77a6e4c6c3a2674a2dc986016381d",
                "sha256:f15516df478d5a56180fbf80e68f206010e6d160fc39fa508b65e035fd75130b"
            ],
            "version": "==6.7"
        },
        "flask": {
            "hashes": [
                "sha256:0749df235e3ff61ac108f69ac178c9770caeaccad2509cb762ce1f65570a8856",
                "sha256:49f44461237b69ecd901cc7ce66feea0319b9158743dd27a2899962ab214dac1"
            ],
            "version": "==0.12.2"
        },
        "idna": {
            "hashes": [
                "sha256:8c7309c718f94b3a625cb648ace320157ad16ff131ae0af362c9f21b80ef6ec4",
                "sha256:2c6a5de3089009e3da7c5dde64a141dbc8551d5b7f6cf4ed7c2568d0cc520a8f"
            ],
            "version": "==2.6"
        },
        "itsdangerous": {
            "hashes": [
                "sha256:cbb3fcf8d3e33df861709ecaf89d9e6629cff0a217bc2848f1b41cd30d360519"
            ],
            "version": "==0.24"
        },
        "jinja2": {
            "hashes": [
                "sha256:74c935a1b8bb9a3947c50a54766a969d4846290e1e788ea44c1392163723c3bd",
                "sha256:f84be1bb0040caca4cea721fcbbbbd61f9be9464ca236387158b0feea01914a4"
            ],
            "version": "==2.10"
        },
        "markupsafe": {
            "hashes": [
                "sha256:a6be69091dac236ea9c6bc7d012beab42010fa914c459791d627dad4910eb665"
            ],
            "version": "==1.0"
        },
        "pycryptodome": {
            "hashes": [
                "sha256:2174fa555916b5ae8bcc7747ecfe2a4d5943b42c9dcf4878e269baaae264e85d",
                "sha256:9fc97cd0f6eeec59af736b3df81e5811d836fa646b89a4325672dcaf997250b3",
                "sha256:8440a35ccd52f0eab0f4ece284bd13a587d86d79bd404d8914f81eda74a66de1",
                "sha256:6f64d8b63034fd9289bae4cb48aa8f7049f6b8db702c7af50cb3718821d28147",
                "sha256:f0196124f83221f9c5e06a68e247019466395d35d92d4ce4482c835f75302851",
                "sha256:8851b1e1d85e4fb981048c8a8a8431839103f43ea3c35f1b46bae2e41699f439",
                "sha256:a9e3e3e9ab0241b0303206656a74d5cd6bd00fcad6f9ffd0ba6b8e35072f74d7",
                "sha256:15ced95a00b55bb2fc22f3dddde1c8d6f270089f35c3af0e07306bc2ba1e1c4e",
                "sha256:f7befe2249df41e012a3d8079ab3c7089be21969591eb77b21767fa24557a7b7",
                "sha256:ec560e62258358afd7a1a3d34c8860fdf478e28c0999173f2d5c618fd2fd60d3",
                "sha256:18d8dfe31bf0cb53d58694903e526be68f3cf48e6e3c6dfbbc1e7042b1693af7"
            ],
            "version": "==3.4.7"
        },
        "requests": {
            "hashes": [
                "sha256:6a1b267aa90cac58ac3a765d067950e7dbbf75b1da07e895d1f594193a40a38b",
                "sha256:9c443e7324ba5b85070c4a818ade28bfabedf16ea10206da1132edaa6dda237e"
            ],
            "version": "==2.18.4"
        },
        "urllib3": {
            "hashes": [
                "sha256:06330f386d6e4b195fbfc736b297f58c5a892e4440e54d294d7004e3a9bbea1b",
                "sha256:cc44da8e1145637334317feebd728bd869a35285b93cbb4cca2577da7e62db4f"
            ],
            "version": "==1.22"
        },
        "werkzeug": {
            "hashes": [
                "sha256:e8549c143af3ce6559699a01e26fa4174f4c591dbee0a499f3cd4c3781cdec3d",
                "sha256:903a7b87b74635244548b30d30db4c8947fe64c5198f58899ddcd3a13c23bb26"
            ],
            "version": "==0.12.2"
        }
    },
    "develop": {}
}
